PODS:
  - Geth (1.5.4)
  - JASON (3.1)

DEPENDENCIES:
  - Geth (= 1.5.4)
  - JASON (~> 3.0)

SPEC REPOS:
  https://github.com/CocoaPods/Specs.git:
    - Geth
    - JASON

SPEC CHECKSUMS:
  Geth: cec65936c094a569f5d13adab95d722e3acfee46
  JASON: c1204b01c9979eef35b6948ca939aac5e7bef081

PODFILE CHECKSUM: 1dc5a97ea192a84eee7a424cd6bbabb026f3664f

COCOAPODS: 1.5.0
